
Microsoft Visual Studio Solution File, Format Version 12.00
# Visual Studio Version 17
VisualStudioVersion = 17.4.33213.308
MinimumVisualStudioVersion = 10.0.40219.1
Project("{FAE04EC0-301F-11D3-BF4B-00C04F79EFBC}") = "salas", "salas\salas.csproj", "{044FA271-99C8-44C6-AB74-2BACF8D80960}"
EndProject
Global
	GlobalSection(SolutionConfigurationPlatforms) = preSolution
		Debug|Any CPU = Debug|Any CPU
		Release|Any CPU = Release|Any CPU
	EndGlobalSection
	GlobalSection(ProjectConfigurationPlatforms) = postSolution
		{044FA271-99C8-44C6-AB74-2BACF8D80960}.Debug|Any CPU.ActiveCfg = Debug|Any CPU
		{044FA271-99C8-44C6-AB74-2BACF8D80960}.Debug|Any CPU.Build.0 = Debug|Any CPU
		{044FA271-99C8-44C6-AB74-2BACF8D80960}.Release|Any CPU.ActiveCfg = Release|Any CPU
		{044FA271-99C8-44C6-AB74-2BACF8D80960}.Release|Any CPU.Build.0 = Release|Any CPU
	EndGlobalSection
	GlobalSection(SolutionProperties) = preSolution
		HideSolutionNode = FALSE
	EndGlobalSection
	GlobalSection(ExtensibilityGlobals) = postSolution
		SolutionGuid = {8C2A8F66-DE32-45B2-97DA-C5C95FCE41DA}
	EndGlobalSection
EndGlobal
